
Microsoft Visual Studio Solution File, Format Version 12.00
# Visual Studio Version 16
VisualStudioVersion = 16.0.31321.278
MinimumVisualStudioVersion = 10.0.40219.1
Project("{FAE04EC0-301F-11D3-BF4B-00C04F79EFBC}") = "DownloadandUnionTs", "DownloadandUnionTs.csproj", "{46EE4270-674D-4FC7-B154-7916386C3495}"
EndProject
Project("{FAE04EC0-301F-11D3-BF4B-00C04F79EFBC}") = "BeiKeTodyWords", "..\BeiKeTodyWords\BeiKeTodyWords.csproj", "{32279146-5FCC-402D-8456-C7B46794C584}"
EndProject
Global
	GlobalSection(SolutionConfigurationPlatforms) = preSolution
		Debug|Any CPU = Debug|Any CPU
		Release|Any CPU = Release|Any CPU
	EndGlobalSection
	GlobalSection(ProjectConfigurationPlatforms) = postSolution
		{46EE4270-674D-4FC7-B154-7916386C3495}.Debug|Any CPU.ActiveCfg = Debug|Any CPU
		{46EE4270-674D-4FC7-B154-7916386C3495}.Debug|Any CPU.Build.0 = Debug|Any CPU
		{46EE4270-674D-4FC7-B154-7916386C3495}.Release|Any CPU.ActiveCfg = Release|Any CPU
		{46EE4270-674D-4FC7-B154-7916386C3495}.Release|Any CPU.Build.0 = Release|Any CPU
		{32279146-5FCC-402D-8456-C7B46794C584}.Debug|Any CPU.ActiveCfg = Debug|Any CPU
		{32279146-5FCC-402D-8456-C7B46794C584}.Debug|Any CPU.Build.0 = Debug|Any CPU
		{32279146-5FCC-402D-8456-C7B46794C584}.Release|Any CPU.ActiveCfg = Release|Any CPU
		{32279146-5FCC-402D-8456-C7B46794C584}.Release|Any CPU.Build.0 = Release|Any CPU
	EndGlobalSection
	GlobalSection(SolutionProperties) = preSolution
		HideSolutionNode = FALSE
	EndGlobalSection
	GlobalSection(ExtensibilityGlobals) = postSolution
		SolutionGuid = {6771F7E3-22F1-44E7-AAED-6A5A164DE386}
	EndGlobalSection
EndGlobal
